
Microsoft Visual Studio Solution File, Format Version 12.00
# Visual Studio Version 16
VisualStudioVersion = 16.0.30804.86
MinimumVisualStudioVersion = 10.0.40219.1
Project("{FAE04EC0-301F-11D3-BF4B-00C04F79EFBC}") = "RejestracjaWalidacja", "RejestracjaWalidacja\RejestracjaWalidacja.csproj", "{B81C6C2D-751D-4FB5-AE75-10784279B00A}"
EndProject
Global
	GlobalSection(SolutionConfigurationPlatforms) = preSolution
		Debug|Any CPU = Debug|Any CPU
		Release|Any CPU = Release|Any CPU
	EndGlobalSection
	GlobalSection(ProjectConfigurationPlatforms) = postSolution
		{B81C6C2D-751D-4FB5-AE75-10784279B00A}.Debug|Any CPU.ActiveCfg = Debug|Any CPU
		{B81C6C2D-751D-4FB5-AE75-10784279B00A}.Debug|Any CPU.Build.0 = Debug|Any CPU
		{B81C6C2D-751D-4FB5-AE75-10784279B00A}.Release|Any CPU.ActiveCfg = Release|Any CPU
		{B81C6C2D-751D-4FB5-AE75-10784279B00A}.Release|Any CPU.Build.0 = Release|Any CPU
	EndGlobalSection
	GlobalSection(SolutionProperties) = preSolution
		HideSolutionNode = FALSE
	EndGlobalSection
	GlobalSection(ExtensibilityGlobals) = postSolution
		SolutionGuid = {CF2DD583-55B6-4373-9659-05A0C5150151}
	EndGlobalSection
EndGlobal
